
Microsoft Visual Studio Solution File, Format Version 12.00
# Visual Studio Version 16
VisualStudioVersion = 16.0.31613.86
MinimumVisualStudioVersion = 10.0.40219.1
Project("{FAE04EC0-301F-11D3-BF4B-00C04F79EFBC}") = "MovieManagerWebApi", "MovieManagerWebApi\MovieManagerWebApi.csproj", "{C273771F-F02F-42B5-B4CB-98D2C98AD389}"
EndProject
Project("{FAE04EC0-301F-11D3-BF4B-00C04F79EFBC}") = "Domain", "Domain\Domain.csproj", "{1F27164B-0E50-4763-9987-31BE56A65163}"
EndProject
Project("{FAE04EC0-301F-11D3-BF4B-00C04F79EFBC}") = "DataLayer", "DataLayer\DataLayer.csproj", "{630A8A3A-7505-4FEE-B6E4-CC9B1E8E29B6}"
EndProject
Project("{FAE04EC0-301F-11D3-BF4B-00C04F79EFBC}") = "ServiceLayer", "ServiceLayer\ServiceLayer.csproj", "{838D021C-BD68-4ED8-B0C2-1D3CCAA46B0C}"
EndProject
Global
	GlobalSection(SolutionConfigurationPlatforms) = preSolution
		Debug|Any CPU = Debug|Any CPU
		Release|Any CPU = Release|Any CPU
	EndGlobalSection
	GlobalSection(ProjectConfigurationPlatforms) = postSolution
		{C273771F-F02F-42B5-B4CB-98D2C98AD389}.Debug|Any CPU.ActiveCfg = Debug|Any CPU
		{C273771F-F02F-42B5-B4CB-98D2C98AD389}.Debug|Any CPU.Build.0 = Debug|Any CPU
		{C273771F-F02F-42B5-B4CB-98D2C98AD389}.Release|Any CPU.ActiveCfg = Release|Any CPU
		{C273771F-F02F-42B5-B4CB-98D2C98AD389}.Release|Any CPU.Build.0 = Release|Any CPU
		{1F27164B-0E50-4763-9987-31BE56A65163}.Debug|Any CPU.ActiveCfg = Debug|Any CPU
		{1F27164B-0E50-4763-9987-31BE56A65163}.Debug|Any CPU.Build.0 = Debug|Any CPU
		{1F27164B-0E50-4763-9987-31BE56A65163}.Release|Any CPU.ActiveCfg = Release|Any CPU
		{1F27164B-0E50-4763-9987-31BE56A65163}.Release|Any CPU.Build.0 = Release|Any CPU
		{630A8A3A-7505-4FEE-B6E4-CC9B1E8E29B6}.Debug|Any CPU.ActiveCfg = Debug|Any CPU
		{630A8A3A-7505-4FEE-B6E4-CC9B1E8E29B6}.Debug|Any CPU.Build.0 = Debug|Any CPU
		{630A8A3A-7505-4FEE-B6E4-CC9B1E8E29B6}.Release|Any CPU.ActiveCfg = Release|Any CPU
		{630A8A3A-7505-4FEE-B6E4-CC9B1E8E29B6}.Release|Any CPU.Build.0 = Release|Any CPU
		{838D021C-BD68-4ED8-B0C2-1D3CCAA46B0C}.Debug|Any CPU.ActiveCfg = Debug|Any CPU
		{838D021C-BD68-4ED8-B0C2-1D3CCAA46B0C}.Debug|Any CPU.Build.0 = Debug|Any CPU
		{838D021C-BD68-4ED8-B0C2-1D3CCAA46B0C}.Release|Any CPU.ActiveCfg = Release|Any CPU
		{838D021C-BD68-4ED8-B0C2-1D3CCAA46B0C}.Release|Any CPU.Build.0 = Release|Any CPU
	EndGlobalSection
	GlobalSection(SolutionProperties) = preSolution
		HideSolutionNode = FALSE
	EndGlobalSection
	GlobalSection(ExtensibilityGlobals) = postSolution
		SolutionGuid = {F7FB7F8B-3AD5-4112-AB5E-5C48981CE0FE}
	EndGlobalSection
EndGlobal
